// !$*UTF8*$!
{
	archiveVersion = 1;
	classes = {
	};
	objectVersion = 46;
	objects = {

/* Begin PBXBuildFile section */
		1A85B06460931288630B2C93 /* CircularLinkedList.swift in Sources */ = {isa = PBXBuildFile; fileRef = 1A85BFB0049D7A245FDD44B7 /* CircularLinkedList.swift */; };
		1A85B2D0A63ED4C544D8BA1F /* TestCircularLinkedList.swift in Sources */ = {isa = PBXBuildFile; fileRef = 1A85BA6849EB85F6DFF1E8A9 /* TestCircularLinkedList.swift */; };
		1A85B35AC7C725DF215A4DA7 /* List.swift in Sources */ = {isa = PBXBuildFile; fileRef = 1A85B33815BCCA7AFD6D7853 /* List.swift */; };
		1A85B3AEF2F029B97643216A /* TestDynamicArray.m in Sources */ = {isa = PBXBuildFile; fileRef = 1A85B53A5FF2063DA8F24701 /* TestDynamicArray.m */; };
		1A85B3E458740C44A154F01C /* DoubleLinkedList.swift in Sources */ = {isa = PBXBuildFile; fileRef = 1A85BBD9B4F6BFB577578245 /* DoubleLinkedList.swift */; };
		1A85B54B164947C3F5F308DF /* Person.m in Sources */ = {isa = PBXBuildFile; fileRef = 3847EA2A24D9800F008CD872 /* Person.m */; };
		1A85B59DEFB5CC635235404A /* Fibonacci.m in Sources */ = {isa = PBXBuildFile; fileRef = 1A85BA5AC5D0F27C7251F4F2 /* Fibonacci.m */; };
		1A85B6A3C4721FEC88BD24E6 /* TestLinkedList_OC.m in Sources */ = {isa = PBXBuildFile; fileRef = 1A85B3E0FA082132104BBAEE /* TestLinkedList_OC.m */; };
		1A85B76ACC1944F17009C9C5 /* DoubleLinkedList.swift in Sources */ = {isa = PBXBuildFile; fileRef = 1A85BBD9B4F6BFB577578245 /* DoubleLinkedList.swift */; };
		1A85B9E59DC0F23C197EAD94 /* List.swift in Sources */ = {isa = PBXBuildFile; fileRef = 1A85B33815BCCA7AFD6D7853 /* List.swift */; };
		1A85BB611809110D6C480CD7 /* main.m in Sources */ = {isa = PBXBuildFile; fileRef = 1A85B004E279F108DEE006F1 /* main.m */; };
		1A85BCC366A4371398038F2F /* TestDoubleLinkedList.swift in Sources */ = {isa = PBXBuildFile; fileRef = 1A85B64C47F547BEAC351F87 /* TestDoubleLinkedList.swift */; };
		1A85BD4884C68DD1E89E96E8 /* DoubleCircularLinkedList.swift in Sources */ = {isa = PBXBuildFile; fileRef = 1A85BB6E3215E103A4DD71C8 /* DoubleCircularLinkedList.swift */; };
		1A85BDEA5F7628B7F8C0190C /* DoubleCircularLinkedList.swift in Sources */ = {isa = PBXBuildFile; fileRef = 1A85BB6E3215E103A4DD71C8 /* DoubleCircularLinkedList.swift */; };
		1A85BDFB1BBC5CB967738AB7 /* CircularLinkedList.swift in Sources */ = {isa = PBXBuildFile; fileRef = 1A85BFB0049D7A245FDD44B7 /* CircularLinkedList.swift */; };
		38087D6F24E0E64600BFC94B /* LinkedList.swift in Sources */ = {isa = PBXBuildFile; fileRef = 38087D6E24E0E64600BFC94B /* LinkedList.swift */; };
		380F9D61258306240080EFC1 /* Sort.swift in Sources */ = {isa = PBXBuildFile; fileRef = 380F9D60258306240080EFC1 /* Sort.swift */; };
		380F9D66258307C00080EFC1 /* TestSort.swift in Sources */ = {isa = PBXBuildFile; fileRef = 380F9D65258307C00080EFC1 /* TestSort.swift */; };
		380F9D6B2583086F0080EFC1 /* Sort.swift in Sources */ = {isa = PBXBuildFile; fileRef = 380F9D60258306240080EFC1 /* Sort.swift */; };
		380F9DA72583186B0080EFC1 /* Common.swift in Sources */ = {isa = PBXBuildFile; fileRef = 380F9DA62583186B0080EFC1 /* Common.swift */; };
		380F9DA82583186B0080EFC1 /* Common.swift in Sources */ = {isa = PBXBuildFile; fileRef = 380F9DA62583186B0080EFC1 /* Common.swift */; };
		380F9DEB258343780080EFC1 /* NSString+Reverse.m in Sources */ = {isa = PBXBuildFile; fileRef = 380F9DEA258343780080EFC1 /* NSString+Reverse.m */; };
		380F9DEC258343780080EFC1 /* NSString+Reverse.m in Sources */ = {isa = PBXBuildFile; fileRef = 380F9DEA258343780080EFC1 /* NSString+Reverse.m */; };
		380F9E01258345AD0080EFC1 /* TestString.m in Sources */ = {isa = PBXBuildFile; fileRef = 380F9E00258345AD0080EFC1 /* TestString.m */; };
		380F9E0F258358930080EFC1 /* TestCommon.swift in Sources */ = {isa = PBXBuildFile; fileRef = 380F9E0E258358930080EFC1 /* TestCommon.swift */; };
		380F9E14258359070080EFC1 /* Generator.swift in Sources */ = {isa = PBXBuildFile; fileRef = 380F9E13258359070080EFC1 /* Generator.swift */; };
		380F9E15258359070080EFC1 /* Generator.swift in Sources */ = {isa = PBXBuildFile; fileRef = 380F9E13258359070080EFC1 /* Generator.swift */; };
		3847EA2224D95B54008CD872 /* TestFinonacci.m in Sources */ = {isa = PBXBuildFile; fileRef = 1A85B912B2EC1438EEDB0AD9 /* TestFinonacci.m */; };
		3847EA2324D95B54008CD872 /* TestPatternMatching.m in Sources */ = {isa = PBXBuildFile; fileRef = 1A85BF1EDB53220329D88E39 /* TestPatternMatching.m */; };
		3847EA2524D95B70008CD872 /* DynamicArray.m in Sources */ = {isa = PBXBuildFile; fileRef = 46CE71B8C14230A24B43A666 /* DynamicArray.m */; };
		3847EA2624D95B74008CD872 /* LinkedList_OC.m in Sources */ = {isa = PBXBuildFile; fileRef = 46CE752C11FE637AD0A5B3E8 /* LinkedList_OC.m */; };
		3847EA2724D95B78008CD872 /* NSString+KMP.m in Sources */ = {isa = PBXBuildFile; fileRef = 1A85B60CDF12E0C074A8C337 /* NSString+KMP.m */; };
		3847EA2824D95BEB008CD872 /* Fibonacci.m in Sources */ = {isa = PBXBuildFile; fileRef = 1A85BA5AC5D0F27C7251F4F2 /* Fibonacci.m */; };
		3847EA2C24D98014008CD872 /* Person.m in Sources */ = {isa = PBXBuildFile; fileRef = 3847EA2A24D9800F008CD872 /* Person.m */; };
		38F5D8E124E231E900CA5605 /* TestLinkedList.swift in Sources */ = {isa = PBXBuildFile; fileRef = 38F5D8E024E231E900CA5605 /* TestLinkedList.swift */; };
		46CE7186978B7EE5B766B93E /* LinkedList.swift in Sources */ = {isa = PBXBuildFile; fileRef = 38087D6E24E0E64600BFC94B /* LinkedList.swift */; };
		46CE727C1B9F0A92E9C5366E /* LinkedList_OC.m in Sources */ = {isa = PBXBuildFile; fileRef = 46CE752C11FE637AD0A5B3E8 /* LinkedList_OC.m */; };
		46CE73BF45656F11005463F2 /* Stack.swift in Sources */ = {isa = PBXBuildFile; fileRef = 46CE78822664DA245E9D9CF6 /* Stack.swift */; };
		46CE757C972212F31091CF12 /* TestDoubleCircularLinkedList.swift in Sources */ = {isa = PBXBuildFile; fileRef = 46CE766E1461EB7BDDEF1BBB /* TestDoubleCircularLinkedList.swift */; };
		46CE75D926287AB280D6D9F5 /* Test.swift in Sources */ = {isa = PBXBuildFile; fileRef = 46CE73C9ABDE098D27AB8492 /* Test.swift */; };
		46CE7A9EDE1A27EADAB03D83 /* Stack.swift in Sources */ = {isa = PBXBuildFile; fileRef = 46CE78822664DA245E9D9CF6 /* Stack.swift */; };
		46CE7E5317D9C836A863645F /* DynamicArray.m in Sources */ = {isa = PBXBuildFile; fileRef = 46CE71B8C14230A24B43A666 /* DynamicArray.m */; };
/* End PBXBuildFile section */

/* Begin PBXCopyFilesBuildPhase section */
		1A85BEE14B37BC031C373C64 /* CopyFiles */ = {
			isa = PBXCopyFilesBuildPhase;
			buildActionMask = 2147483647;
			dstPath = /usr/share/man/man1/;
			dstSubfolderSpec = 0;
			files = (
			);
			runOnlyForDeploymentPostprocessing = 1;
		};
/* End PBXCopyFilesBuildPhase section */

/* Begin PBXFileReference section */
		1A85B004E279F108DEE006F1 /* main.m */ = {isa = PBXFileReference; lastKnownFileType = sourcecode.c.objc; path = main.m; sourceTree = "<group>"; };
		1A85B193C817779AAC350827 /* List_OC.h */ = {isa = PBXFileReference; fileEncoding = 4; lastKnownFileType = sourcecode.c.h; path = List_OC.h; sourceTree = "<group>"; };
		1A85B33815BCCA7AFD6D7853 /* List.swift */ = {isa = PBXFileReference; fileEncoding = 4; lastKnownFileType = sourcecode.swift; path = List.swift; sourceTree = "<group>"; };
		1A85B3E0FA082132104BBAEE /* TestLinkedList_OC.m */ = {isa = PBXFileReference; fileEncoding = 4; lastKnownFileType = sourcecode.c.objc; path = TestLinkedList_OC.m; sourceTree = "<group>"; };
		1A85B3FBBAB1C361052DAEBC /* DataStructure */ = {isa = PBXFileReference; explicitFileType = "compiled.mach-o.executable"; includeInIndex = 0; path = DataStructure; sourceTree = BUILT_PRODUCTS_DIR; };
		1A85B50B7C3DD8348F46505D /* Fibonacci.h */ = {isa = PBXFileReference; fileEncoding = 4; lastKnownFileType = sourcecode.c.h; path = Fibonacci.h; sourceTree = "<group>"; };
		1A85B53A5FF2063DA8F24701 /* TestDynamicArray.m */ = {isa = PBXFileReference; fileEncoding = 4; lastKnownFileType = sourcecode.c.objc; path = TestDynamicArray.m; sourceTree = "<group>"; };
		1A85B60CDF12E0C074A8C337 /* NSString+KMP.m */ = {isa = PBXFileReference; fileEncoding = 4; lastKnownFileType = sourcecode.c.objc; path = "NSString+KMP.m"; sourceTree = "<group>"; };
		1A85B64C47F547BEAC351F87 /* TestDoubleLinkedList.swift */ = {isa = PBXFileReference; fileEncoding = 4; lastKnownFileType = sourcecode.swift; path = TestDoubleLinkedList.swift; sourceTree = "<group>"; };
		1A85B912B2EC1438EEDB0AD9 /* TestFinonacci.m */ = {isa = PBXFileReference; lastKnownFileType = sourcecode.c.objc; path = TestFinonacci.m; sourceTree = "<group>"; };
		1A85BA5AC5D0F27C7251F4F2 /* Fibonacci.m */ = {isa = PBXFileReference; fileEncoding = 4; lastKnownFileType = sourcecode.c.objc; path = Fibonacci.m; sourceTree = "<group>"; };
		1A85BA6849EB85F6DFF1E8A9 /* TestCircularLinkedList.swift */ = {isa = PBXFileReference; fileEncoding = 4; lastKnownFileType = sourcecode.swift; path = TestCircularLinkedList.swift; sourceTree = "<group>"; };
		1A85BB6E3215E103A4DD71C8 /* DoubleCircularLinkedList.swift */ = {isa = PBXFileReference; fileEncoding = 4; lastKnownFileType = sourcecode.swift; path = DoubleCircularLinkedList.swift; sourceTree = "<group>"; };
		1A85BBD9B4F6BFB577578245 /* DoubleLinkedList.swift */ = {isa = PBXFileReference; fileEncoding = 4; lastKnownFileType = sourcecode.swift; path = DoubleLinkedList.swift; sourceTree = "<group>"; };
		1A85BF1EDB53220329D88E39 /* TestPatternMatching.m */ = {isa = PBXFileReference; fileEncoding = 4; lastKnownFileType = sourcecode.c.objc; path = TestPatternMatching.m; sourceTree = "<group>"; };
		1A85BF710880F87335E58C41 /* NSString+KMP.h */ = {isa = PBXFileReference; fileEncoding = 4; lastKnownFileType = sourcecode.c.h; path = "NSString+KMP.h"; sourceTree = "<group>"; };
		1A85BFB0049D7A245FDD44B7 /* CircularLinkedList.swift */ = {isa = PBXFileReference; fileEncoding = 4; lastKnownFileType = sourcecode.swift; path = CircularLinkedList.swift; sourceTree = "<group>"; };
		38087D6924E0E3C900BFC94B /* DataStructure-Bridging-Header.h */ = {isa = PBXFileReference; lastKnownFileType = sourcecode.c.h; path = "DataStructure-Bridging-Header.h"; sourceTree = "<group>"; };
		38087D6E24E0E64600BFC94B /* LinkedList.swift */ = {isa = PBXFileReference; lastKnownFileType = sourcecode.swift; path = LinkedList.swift; sourceTree = "<group>"; };
		380F9D60258306240080EFC1 /* Sort.swift */ = {isa = PBXFileReference; lastKnownFileType = sourcecode.swift; path = Sort.swift; sourceTree = "<group>"; };
		380F9D65258307C00080EFC1 /* TestSort.swift */ = {isa = PBXFileReference; lastKnownFileType = sourcecode.swift; path = TestSort.swift; sourceTree = "<group>"; };
		380F9DA62583186B0080EFC1 /* Common.swift */ = {isa = PBXFileReference; lastKnownFileType = sourcecode.swift; path = Common.swift; sourceTree = "<group>"; };
		380F9DE9258343780080EFC1 /* NSString+Reverse.h */ = {isa = PBXFileReference; lastKnownFileType = sourcecode.c.h; path = "NSString+Reverse.h"; sourceTree = "<group>"; };
		380F9DEA258343780080EFC1 /* NSString+Reverse.m */ = {isa = PBXFileReference; lastKnownFileType = sourcecode.c.objc; path = "NSString+Reverse.m"; sourceTree = "<group>"; };
		380F9E00258345AD0080EFC1 /* TestString.m */ = {isa = PBXFileReference; lastKnownFileType = sourcecode.c.objc; path = TestString.m; sourceTree = "<group>"; };
		380F9E0E258358930080EFC1 /* TestCommon.swift */ = {isa = PBXFileReference; lastKnownFileType = sourcecode.swift; path = TestCommon.swift; sourceTree = "<group>"; };
		380F9E13258359070080EFC1 /* Generator.swift */ = {isa = PBXFileReference; lastKnownFileType = sourcecode.swift; path = Generator.swift; sourceTree = "<group>"; };
		3847EA1A24D95B47008CD872 /* DataStructureUnitTest.xctest */ = {isa = PBXFileReference; explicitFileType = wrapper.cfbundle; includeInIndex = 0; path = DataStructureUnitTest.xctest; sourceTree = BUILT_PRODUCTS_DIR; };
		3847EA2924D9800F008CD872 /* Person.h */ = {isa = PBXFileReference; lastKnownFileType = sourcecode.c.h; path = Person.h; sourceTree = "<group>"; };
		3847EA2A24D9800F008CD872 /* Person.m */ = {isa = PBXFileReference; lastKnownFileType = sourcecode.c.objc; path = Person.m; sourceTree = "<group>"; };
		3847EA3124D980B2008CD872 /* Info.plist */ = {isa = PBXFileReference; fileEncoding = 4; lastKnownFileType = text.plist.xml; path = Info.plist; sourceTree = "<group>"; };
		38F5D8DF24E2319700CA5605 /* DataStructureUnitTest-Bridging-Header.h */ = {isa = PBXFileReference; lastKnownFileType = sourcecode.c.h; path = "DataStructureUnitTest-Bridging-Header.h"; sourceTree = "<group>"; };
		38F5D8E024E231E900CA5605 /* TestLinkedList.swift */ = {isa = PBXFileReference; lastKnownFileType = sourcecode.swift; path = TestLinkedList.swift; sourceTree = "<group>"; };
		46CE71B8C14230A24B43A666 /* DynamicArray.m */ = {isa = PBXFileReference; fileEncoding = 4; lastKnownFileType = sourcecode.c.objc; path = DynamicArray.m; sourceTree = "<group>"; };
		46CE72C47F6F139BEAA9EC5B /* LinkedList_OC.h */ = {isa = PBXFileReference; fileEncoding = 4; lastKnownFileType = sourcecode.c.h; path = LinkedList_OC.h; sourceTree = "<group>"; };
		46CE73C9ABDE098D27AB8492 /* Test.swift */ = {isa = PBXFileReference; fileEncoding = 4; lastKnownFileType = sourcecode.swift; path = Test.swift; sourceTree = "<group>"; };
		46CE752C11FE637AD0A5B3E8 /* LinkedList_OC.m */ = {isa = PBXFileReference; fileEncoding = 4; lastKnownFileType = sourcecode.c.objc; path = LinkedList_OC.m; sourceTree = "<group>"; };
		46CE766E1461EB7BDDEF1BBB /* TestDoubleCircularLinkedList.swift */ = {isa = PBXFileReference; fileEncoding = 4; lastKnownFileType = sourcecode.swift; path = TestDoubleCircularLinkedList.swift; sourceTree = "<group>"; };
		46CE78822664DA245E9D9CF6 /* Stack.swift */ = {isa = PBXFileReference; fileEncoding = 4; lastKnownFileType = sourcecode.swift; path = Stack.swift; sourceTree = "<group>"; };
		46CE7C056C3FE1C6B5909359 /* DynamicArray.h */ = {isa = PBXFileReference; fileEncoding = 4; lastKnownFileType = sourcecode.c.h; path = DynamicArray.h; sourceTree = "<group>"; };
/* End PBXFileReference section */

/* Begin PBXFrameworksBuildPhase section */
		1A85B63A35C5B091853D34D7 /* Frameworks */ = {
			isa = PBXFrameworksBuildPhase;
			buildActionMask = 2147483647;
			files = (
			);
			runOnlyForDeploymentPostprocessing = 0;
		};
		3847EA1724D95B47008CD872 /* Frameworks */ = {
			isa = PBXFrameworksBuildPhase;
			buildActionMask = 2147483647;
			files = (
			);
			runOnlyForDeploymentPostprocessing = 0;
		};
/* End PBXFrameworksBuildPhase section */

/* Begin PBXGroup section */
		1A85B16D8542D6F7CB7E01F3 /* Fibonacci */ = {
			isa = PBXGroup;
			children = (
				1A85B50B7C3DD8348F46505D /* Fibonacci.h */,
				1A85BA5AC5D0F27C7251F4F2 /* Fibonacci.m */,
			);
			path = Fibonacci;
			sourceTree = "<group>";
		};
		1A85B3461374B329320FD9E4 /* LinearList */ = {
			isa = PBXGroup;
			children = (
				1A85B53A5FF2063DA8F24701 /* TestDynamicArray.m */,
				1A85B3E0FA082132104BBAEE /* TestLinkedList_OC.m */,
				38F5D8E024E231E900CA5605 /* TestLinkedList.swift */,
				1A85B64C47F547BEAC351F87 /* TestDoubleLinkedList.swift */,
				1A85BA6849EB85F6DFF1E8A9 /* TestCircularLinkedList.swift */,
				46CE766E1461EB7BDDEF1BBB /* TestDoubleCircularLinkedList.swift */,
				46CE73C9ABDE098D27AB8492 /* Test.swift */,
			);
			path = LinearList;
			sourceTree = "<group>";
		};
		1A85B9C9BBF8262CC28DD0D8 = {
			isa = PBXGroup;
			children = (
				1A85BBF46EF3910EC3E0D5CE /* DataStructure */,
				3847EA1B24D95B47008CD872 /* DataStructureUnitTest */,
				1A85BEE039FB5111E047CC79 /* Products */,
			);
			sourceTree = "<group>";
		};
		1A85BBF46EF3910EC3E0D5CE /* DataStructure */ = {
			isa = PBXGroup;
			children = (
				380F9E12258358F70080EFC1 /* Generator */,
				380F9DA5258318530080EFC1 /* Normal */,
				380F9D5F2583060A0080EFC1 /* Sort */,
				1A85B16D8542D6F7CB7E01F3 /* Fibonacci */,
				46CE7A55E63E6B6EE4FD9F76 /* LinearList */,
				3847EA2D24D9801E008CD872 /* Person */,
				3847EA3324D980BF008CD872 /* String */,
				1A85B004E279F108DEE006F1 /* main.m */,
				38087D6924E0E3C900BFC94B /* DataStructure-Bridging-Header.h */,
			);
			path = DataStructure;
			sourceTree = "<group>";
		};
		1A85BEE039FB5111E047CC79 /* Products */ = {
			isa = PBXGroup;
			children = (
				1A85B3FBBAB1C361052DAEBC /* DataStructure */,
				3847EA1A24D95B47008CD872 /* DataStructureUnitTest.xctest */,
			);
			name = Products;
			sourceTree = "<group>";
		};
		38087D6524E0DF4C00BFC94B /* OC */ = {
			isa = PBXGroup;
			children = (
				46CE71B8C14230A24B43A666 /* DynamicArray.m */,
				46CE7C056C3FE1C6B5909359 /* DynamicArray.h */,
				46CE752C11FE637AD0A5B3E8 /* LinkedList_OC.m */,
				46CE72C47F6F139BEAA9EC5B /* LinkedList_OC.h */,
				1A85B193C817779AAC350827 /* List_OC.h */,
			);
			path = OC;
			sourceTree = "<group>";
		};
		38087D6624E0DF5B00BFC94B /* Swift */ = {
			isa = PBXGroup;
			children = (
				38087D6E24E0E64600BFC94B /* LinkedList.swift */,
				1A85BBD9B4F6BFB577578245 /* DoubleLinkedList.swift */,
				1A85B33815BCCA7AFD6D7853 /* List.swift */,
				1A85BFB0049D7A245FDD44B7 /* CircularLinkedList.swift */,
				1A85BB6E3215E103A4DD71C8 /* DoubleCircularLinkedList.swift */,
				46CE78822664DA245E9D9CF6 /* Stack.swift */,
			);
			path = Swift;
			sourceTree = "<group>";
		};
		380F9D5F2583060A0080EFC1 /* Sort */ = {
			isa = PBXGroup;
			children = (
				380F9D60258306240080EFC1 /* Sort.swift */,
			);
			path = Sort;
			sourceTree = "<group>";
		};
		380F9D642583079B0080EFC1 /* Sort */ = {
			isa = PBXGroup;
			children = (
				380F9D65258307C00080EFC1 /* TestSort.swift */,
			);
			path = Sort;
			sourceTree = "<group>";
		};
		380F9DA5258318530080EFC1 /* Normal */ = {
			isa = PBXGroup;
			children = (
				380F9DA62583186B0080EFC1 /* Common.swift */,
			);
			path = Normal;
			sourceTree = "<group>";
		};
		380F9DF12583452E0080EFC1 /* String */ = {
			isa = PBXGroup;
			children = (
				380F9E00258345AD0080EFC1 /* TestString.m */,
			);
			path = String;
			sourceTree = "<group>";
		};
		380F9E09258358350080EFC1 /* Normal */ = {
			isa = PBXGroup;
			children = (
				1A85B912B2EC1438EEDB0AD9 /* TestFinonacci.m */,
				380F9E0E258358930080EFC1 /* TestCommon.swift */,
			);
			path = Normal;
			sourceTree = "<group>";
		};
		380F9E12258358F70080EFC1 /* Generator */ = {
			isa = PBXGroup;
			children = (
				380F9E13258359070080EFC1 /* Generator.swift */,
			);
			path = Generator;
			sourceTree = "<group>";
		};
		3847EA1B24D95B47008CD872 /* DataStructureUnitTest */ = {
			isa = PBXGroup;
			children = (
				380F9E09258358350080EFC1 /* Normal */,
				380F9DF12583452E0080EFC1 /* String */,
				380F9D642583079B0080EFC1 /* Sort */,
				3847EA3124D980B2008CD872 /* Info.plist */,
				1A85BF1EDB53220329D88E39 /* TestPatternMatching.m */,
				1A85B3461374B329320FD9E4 /* LinearList */,
				38F5D8DF24E2319700CA5605 /* DataStructureUnitTest-Bridging-Header.h */,
			);
			path = DataStructureUnitTest;
			sourceTree = "<group>";
		};
		3847EA2D24D9801E008CD872 /* Person */ = {
			isa = PBXGroup;
			children = (
				3847EA2924D9800F008CD872 /* Person.h */,
				3847EA2A24D9800F008CD872 /* Person.m */,
			);
			path = Person;
			sourceTree = "<group>";
		};
		3847EA3324D980BF008CD872 /* String */ = {
			isa = PBXGroup;
			children = (
				1A85BF710880F87335E58C41 /* NSString+KMP.h */,
				1A85B60CDF12E0C074A8C337 /* NSString+KMP.m */,
				380F9DE9258343780080EFC1 /* NSString+Reverse.h */,
				380F9DEA258343780080EFC1 /* NSString+Reverse.m */,
			);
			path = String;
			sourceTree = "<group>";
		};
		46CE7A55E63E6B6EE4FD9F76 /* LinearList */ = {
			isa = PBXGroup;
			children = (
				38087D6524E0DF4C00BFC94B /* OC */,
				38087D6624E0DF5B00BFC94B /* Swift */,
			);
			path = LinearList;
			sourceTree = "<group>";
		};
/* End PBXGroup section */

/* Begin PBXNativeTarget section */
		1A85B15D7CC30605F66A3DB7 /* DataStructure */ = {
			isa = PBXNativeTarget;
			buildConfigurationList = 1A85B6F47F7FF7443312EDA6 /* Build configuration list for PBXNativeTarget "DataStructure" */;
			buildPhases = (
				1A85BBC4003AC097DFBBC514 /* Sources */,
				1A85B63A35C5B091853D34D7 /* Frameworks */,
				1A85BEE14B37BC031C373C64 /* CopyFiles */,
			);
			buildRules = (
			);
			dependencies = (
			);
			name = DataStructure;
			productName = DataStructure;
			productReference = 1A85B3FBBAB1C361052DAEBC /* DataStructure */;
			productType = "com.apple.product-type.tool";
		};
		3847EA1924D95B47008CD872 /* DataStructureUnitTest */ = {
			isa = PBXNativeTarget;
			buildConfigurationList = 3847EA1F24D95B47008CD872 /* Build configuration list for PBXNativeTarget "DataStructureUnitTest" */;
			buildPhases = (
				3847EA1624D95B47008CD872 /* Sources */,
				3847EA1724D95B47008CD872 /* Frameworks */,
				3847EA1824D95B47008CD872 /* Resources */,
			);
			buildRules = (
			);
			dependencies = (
			);
			name = DataStructureUnitTest;
			productName = DataStructureUnitTest;
			productReference = 3847EA1A24D95B47008CD872 /* DataStructureUnitTest.xctest */;
			productType = "com.apple.product-type.bundle.unit-test";
		};
/* End PBXNativeTarget section */

/* Begin PBXProject section */
		1A85BCDE60532B7F0010164D /* Project object */ = {
			isa = PBXProject;
			attributes = {
				LastUpgradeCheck = 1120;
				ORGANIZATIONNAME = Hutter;
				TargetAttributes = {
					1A85B15D7CC30605F66A3DB7 = {
						DevelopmentTeam = 9C9K388S8H;
						LastSwiftMigration = 1120;
						ProvisioningStyle = Manual;
					};
					3847EA1924D95B47008CD872 = {
						CreatedOnToolsVersion = 11.2.1;
						DevelopmentTeam = 9C9K388S8H;
						ProvisioningStyle = Manual;
					};
				};
			};
			buildConfigurationList = 1A85B0BB06F0AF00A5427884 /* Build configuration list for PBXProject "DataStructure" */;
			compatibilityVersion = "Xcode 3.2";
			developmentRegion = English;
			hasScannedForEncodings = 0;
			knownRegions = (
				English,
				en,
			);
			mainGroup = 1A85B9C9BBF8262CC28DD0D8;
			productRefGroup = 1A85BEE039FB5111E047CC79 /* Products */;
			projectDirPath = "";
			projectRoot = "";
			targets = (
				1A85B15D7CC30605F66A3DB7 /* DataStructure */,
				3847EA1924D95B47008CD872 /* DataStructureUnitTest */,
			);
		};
/* End PBXProject section */

/* Begin PBXResourcesBuildPhase section */
		3847EA1824D95B47008CD872 /* Resources */ = {
			isa = PBXResourcesBuildPhase;
			buildActionMask = 2147483647;
			files = (
			);
			runOnlyForDeploymentPostprocessing = 0;
		};
/* End PBXResourcesBuildPhase section */

/* Begin PBXSourcesBuildPhase section */
		1A85BBC4003AC097DFBBC514 /* Sources */ = {
			isa = PBXSourcesBuildPhase;
			buildActionMask = 2147483647;
			files = (
				1A85BB611809110D6C480CD7 /* main.m in Sources */,
				380F9DEB258343780080EFC1 /* NSString+Reverse.m in Sources */,
				380F9DA72583186B0080EFC1 /* Common.swift in Sources */,
				1A85B59DEFB5CC635235404A /* Fibonacci.m in Sources */,
				46CE7E5317D9C836A863645F /* DynamicArray.m in Sources */,
				46CE727C1B9F0A92E9C5366E /* LinkedList_OC.m in Sources */,
				1A85B54B164947C3F5F308DF /* Person.m in Sources */,
				380F9D61258306240080EFC1 /* Sort.swift in Sources */,
				38087D6F24E0E64600BFC94B /* LinkedList.swift in Sources */,
				380F9E14258359070080EFC1 /* Generator.swift in Sources */,
				1A85B76ACC1944F17009C9C5 /* DoubleLinkedList.swift in Sources */,
				1A85B35AC7C725DF215A4DA7 /* List.swift in Sources */,
				1A85BDFB1BBC5CB967738AB7 /* CircularLinkedList.swift in Sources */,
				1A85BDEA5F7628B7F8C0190C /* DoubleCircularLinkedList.swift in Sources */,
				46CE73BF45656F11005463F2 /* Stack.swift in Sources */,
			);
			runOnlyForDeploymentPostprocessing = 0;
		};
		3847EA1624D95B47008CD872 /* Sources */ = {
			isa = PBXSourcesBuildPhase;
			buildActionMask = 2147483647;
			files = (
				3847EA2524D95B70008CD872 /* DynamicArray.m in Sources */,
				380F9DEC258343780080EFC1 /* NSString+Reverse.m in Sources */,
				3847EA2224D95B54008CD872 /* TestFinonacci.m in Sources */,
				380F9E01258345AD0080EFC1 /* TestString.m in Sources */,
				3847EA2624D95B74008CD872 /* LinkedList_OC.m in Sources */,
				3847EA2824D95BEB008CD872 /* Fibonacci.m in Sources */,
				380F9E15258359070080EFC1 /* Generator.swift in Sources */,
				380F9E0F258358930080EFC1 /* TestCommon.swift in Sources */,
				3847EA2C24D98014008CD872 /* Person.m in Sources */,
				38F5D8E124E231E900CA5605 /* TestLinkedList.swift in Sources */,
				3847EA2724D95B78008CD872 /* NSString+KMP.m in Sources */,
				380F9D6B2583086F0080EFC1 /* Sort.swift in Sources */,
				3847EA2324D95B54008CD872 /* TestPatternMatching.m in Sources */,
				1A85B3AEF2F029B97643216A /* TestDynamicArray.m in Sources */,
				1A85B6A3C4721FEC88BD24E6 /* TestLinkedList_OC.m in Sources */,
				46CE7186978B7EE5B766B93E /* LinkedList.swift in Sources */,
				1A85B3E458740C44A154F01C /* DoubleLinkedList.swift in Sources */,
				1A85B9E59DC0F23C197EAD94 /* List.swift in Sources */,
				380F9D66258307C00080EFC1 /* TestSort.swift in Sources */,
				380F9DA82583186B0080EFC1 /* Common.swift in Sources */,
				1A85BCC366A4371398038F2F /* TestDoubleLinkedList.swift in Sources */,
				1A85B06460931288630B2C93 /* CircularLinkedList.swift in Sources */,
				1A85B2D0A63ED4C544D8BA1F /* TestCircularLinkedList.swift in Sources */,
				1A85BD4884C68DD1E89E96E8 /* DoubleCircularLinkedList.swift in Sources */,
				46CE757C972212F31091CF12 /* TestDoubleCircularLinkedList.swift in Sources */,
				46CE7A9EDE1A27EADAB03D83 /* Stack.swift in Sources */,
				46CE75D926287AB280D6D9F5 /* Test.swift in Sources */,
			);
			runOnlyForDeploymentPostprocessing = 0;
		};
/* End PBXSourcesBuildPhase section */

/* Begin XCBuildConfiguration section */
		1A85B0AEF606A8C6D98E6258 /* Debug */ = {
			isa = XCBuildConfiguration;
			buildSettings = {
				ALWAYS_SEARCH_USER_PATHS = NO;
				CLANG_ANALYZER_LOCALIZABILITY_NONLOCALIZED = YES;
				CLANG_ANALYZER_NONNULL = YES;
				CLANG_ANALYZER_NUMBER_OBJECT_CONVERSION = YES_AGGRESSIVE;
				CLANG_CXX_LANGUAGE_STANDARD = "gnu++14";
				CLANG_CXX_LIBRARY = "libc++";
				CLANG_ENABLE_MODULES = YES;
				CLANG_ENABLE_OBJC_ARC = YES;
				CLANG_ENABLE_OBJC_WEAK = YES;
				CLANG_WARN_BLOCK_CAPTURE_AUTORELEASING = YES;
				CLANG_WARN_BOOL_CONVERSION = YES;
				CLANG_WARN_COMMA = YES;
				CLANG_WARN_CONSTANT_CONVERSION = YES;
				CLANG_WARN_DEPRECATED_OBJC_IMPLEMENTATIONS = YES;
				CLANG_WARN_DIRECT_OBJC_ISA_USAGE = YES_ERROR;
				CLANG_WARN_DOCUMENTATION_COMMENTS = YES;
				CLANG_WARN_EMPTY_BODY = YES;
				CLANG_WARN_ENUM_CONVERSION = YES;
				CLANG_WARN_INFINITE_RECURSION = YES;
				CLANG_WARN_INT_CONVERSION = YES;
				CLANG_WARN_NON_LITERAL_NULL_CONVERSION = YES;
				CLANG_WARN_OBJC_IMPLICIT_RETAIN_SELF = YES;
				CLANG_WARN_OBJC_LITERAL_CONVERSION = YES;
				CLANG_WARN_OBJC_ROOT_CLASS = YES_ERROR;
				CLANG_WARN_RANGE_LOOP_ANALYSIS = YES;
				CLANG_WARN_STRICT_PROTOTYPES = YES;
				CLANG_WARN_SUSPICIOUS_MOVE = YES;
				CLANG_WARN_UNGUARDED_AVAILABILITY = YES_AGGRESSIVE;
				CLANG_WARN_UNREACHABLE_CODE = YES;
				CLANG_WARN__DUPLICATE_METHOD_MATCH = YES;
				COPY_PHASE_STRIP = NO;
				DEBUG_INFORMATION_FORMAT = dwarf;
				ENABLE_STRICT_OBJC_MSGSEND = YES;
				ENABLE_TESTABILITY = YES;
				GCC_C_LANGUAGE_STANDARD = gnu11;
				GCC_DYNAMIC_NO_PIC = NO;
				GCC_NO_COMMON_BLOCKS = YES;
				GCC_OPTIMIZATION_LEVEL = 0;
				GCC_PREPROCESSOR_DEFINITIONS = (
					"DEBUG=1",
					"$(inherited)",
				);
				GCC_WARN_64_TO_32_BIT_CONVERSION = YES;
				GCC_WARN_ABOUT_RETURN_TYPE = YES_ERROR;
				GCC_WARN_UNDECLARED_SELECTOR = YES;
				GCC_WARN_UNINITIALIZED_AUTOS = YES_AGGRESSIVE;
				GCC_WARN_UNUSED_FUNCTION = YES;
				GCC_WARN_UNUSED_VARIABLE = YES;
				MACOSX_DEPLOYMENT_TARGET = 10.15;
				MTL_ENABLE_DEBUG_INFO = INCLUDE_SOURCE;
				MTL_FAST_MATH = YES;
				ONLY_ACTIVE_ARCH = YES;
				SDKROOT = macosx;
				SWIFT_OPTIMIZATION_LEVEL = "-Onone";
			};
			name = Debug;
		};
		1A85B5975D3D7100E8E5E9DD /* Release */ = {
			isa = XCBuildConfiguration;
			buildSettings = {
				CLANG_ENABLE_MODULES = YES;
				CODE_SIGN_IDENTITY = "Apple Development";
				CODE_SIGN_STYLE = Manual;
				DEFINES_MODULE = YES;
				DEVELOPMENT_TEAM = 9C9K388S8H;
				ENABLE_HARDENED_RUNTIME = YES;
				LD_RUNPATH_SEARCH_PATHS = "$(inherited) @executable_path/../Frameworks @loader_path/../Frameworks";
				MACOSX_DEPLOYMENT_TARGET = 10.10;
				PRODUCT_BUNDLE_IDENTIFIER = com.mzh.dataStructure;
				PRODUCT_NAME = "$(TARGET_NAME)";
				PROVISIONING_PROFILE_SPECIFIER = "";
				SWIFT_OBJC_BRIDGING_HEADER = "DataStructure/DataStructure-Bridging-Header.h";
				SWIFT_VERSION = 5.0;
			};
			name = Release;
		};
		1A85B666A96CAEF41DF1BA2E /* Debug */ = {
			isa = XCBuildConfiguration;
			buildSettings = {
				CLANG_ENABLE_MODULES = YES;
				CODE_SIGN_IDENTITY = "Apple Development";
				CODE_SIGN_STYLE = Manual;
				DEFINES_MODULE = YES;
				DEVELOPMENT_TEAM = 9C9K388S8H;
				ENABLE_HARDENED_RUNTIME = YES;
				LD_RUNPATH_SEARCH_PATHS = "$(inherited) @executable_path/../Frameworks @loader_path/../Frameworks";
				MACOSX_DEPLOYMENT_TARGET = 10.10;
				PRODUCT_BUNDLE_IDENTIFIER = com.mzh.dataStructure;
				PRODUCT_NAME = "$(TARGET_NAME)";
				PROVISIONING_PROFILE_SPECIFIER = "";
				SWIFT_OBJC_BRIDGING_HEADER = "DataStructure/DataStructure-Bridging-Header.h";
				SWIFT_OPTIMIZATION_LEVEL = "-Onone";
				SWIFT_VERSION = 5.0;
			};
			name = Debug;
		};
		1A85BA12226878D051DFC1BA /* Release */ = {
			isa = XCBuildConfiguration;
			buildSettings = {
				ALWAYS_SEARCH_USER_PATHS = NO;
				CLANG_ANALYZER_LOCALIZABILITY_NONLOCALIZED = YES;
				CLANG_ANALYZER_NONNULL = YES;
				CLANG_ANALYZER_NUMBER_OBJECT_CONVERSION = YES_AGGRESSIVE;
				CLANG_CXX_LANGUAGE_STANDARD = "gnu++14";
				CLANG_CXX_LIBRARY = "libc++";
				CLANG_ENABLE_MODULES = YES;
				CLANG_ENABLE_OBJC_ARC = YES;
				CLANG_ENABLE_OBJC_WEAK = YES;
				CLANG_WARN_BLOCK_CAPTURE_AUTORELEASING = YES;
				CLANG_WARN_BOOL_CONVERSION = YES;
				CLANG_WARN_COMMA = YES;
				CLANG_WARN_CONSTANT_CONVERSION = YES;
				CLANG_WARN_DEPRECATED_OBJC_IMPLEMENTATIONS = YES;
				CLANG_WARN_DIRECT_OBJC_ISA_USAGE = YES_ERROR;
				CLANG_WARN_DOCUMENTATION_COMMENTS = YES;
				CLANG_WARN_EMPTY_BODY = YES;
				CLANG_WARN_ENUM_CONVERSION = YES;
				CLANG_WARN_INFINITE_RECURSION = YES;
				CLANG_WARN_INT_CONVERSION = YES;
				CLANG_WARN_NON_LITERAL_NULL_CONVERSION = YES;
				CLANG_WARN_OBJC_IMPLICIT_RETAIN_SELF = YES;
				CLANG_WARN_OBJC_LITERAL_CONVERSION = YES;
				CLANG_WARN_OBJC_ROOT_CLASS = YES_ERROR;
				CLANG_WARN_RANGE_LOOP_ANALYSIS = YES;
				CLANG_WARN_STRICT_PROTOTYPES = YES;
				CLANG_WARN_SUSPICIOUS_MOVE = YES;
				CLANG_WARN_UNGUARDED_AVAILABILITY = YES_AGGRESSIVE;
				CLANG_WARN_UNREACHABLE_CODE = YES;
				CLANG_WARN__DUPLICATE_METHOD_MATCH = YES;
				COPY_PHASE_STRIP = NO;
				DEBUG_INFORMATION_FORMAT = "dwarf-with-dsym";
				ENABLE_NS_ASSERTIONS = NO;
				ENABLE_STRICT_OBJC_MSGSEND = YES;
				GCC_C_LANGUAGE_STANDARD = gnu11;
				GCC_NO_COMMON_BLOCKS = YES;
				GCC_WARN_64_TO_32_BIT_CONVERSION = YES;
				GCC_WARN_ABOUT_RETURN_TYPE = YES_ERROR;
				GCC_WARN_UNDECLARED_SELECTOR = YES;
				GCC_WARN_UNINITIALIZED_AUTOS = YES_AGGRESSIVE;
				GCC_WARN_UNUSED_FUNCTION = YES;
				GCC_WARN_UNUSED_VARIABLE = YES;
				MACOSX_DEPLOYMENT_TARGET = 10.15;
				MTL_ENABLE_DEBUG_INFO = NO;
				MTL_FAST_MATH = YES;
				SDKROOT = macosx;
				SWIFT_COMPILATION_MODE = wholemodule;
				SWIFT_OPTIMIZATION_LEVEL = "-Onone";
			};
			name = Release;
		};
		3847EA2024D95B47008CD872 /* Debug */ = {
			isa = XCBuildConfiguration;
			buildSettings = {
				CODE_SIGN_IDENTITY = "Apple Development";
				CODE_SIGN_STYLE = Manual;
				COMBINE_HIDPI_IMAGES = YES;
				DEVELOPMENT_TEAM = 9C9K388S8H;
				INFOPLIST_FILE = DataStructureUnitTest/Info.plist;
				LD_RUNPATH_SEARCH_PATHS = "$(inherited) @executable_path/../Frameworks @loader_path/../Frameworks";
				MACOSX_DEPLOYMENT_TARGET = 10.14;
				PRODUCT_BUNDLE_IDENTIFIER = com.mozihen.DataStructureUnitTest;
				PRODUCT_NAME = "$(TARGET_NAME)";
				PROVISIONING_PROFILE_SPECIFIER = "";
				SWIFT_OBJC_BRIDGING_HEADER = "DataStructureUnitTest/DataStructureUnitTest-Bridging-Header.h";
				SWIFT_VERSION = 5.0;
			};
			name = Debug;
		};
		3847EA2124D95B47008CD872 /* Release */ = {
			isa = XCBuildConfiguration;
			buildSettings = {
				CODE_SIGN_IDENTITY = "Apple Development";
				CODE_SIGN_STYLE = Manual;
				COMBINE_HIDPI_IMAGES = YES;
				DEVELOPMENT_TEAM = 9C9K388S8H;
				INFOPLIST_FILE = DataStructureUnitTest/Info.plist;
				LD_RUNPATH_SEARCH_PATHS = "$(inherited) @executable_path/../Frameworks @loader_path/../Frameworks";
				MACOSX_DEPLOYMENT_TARGET = 10.14;
				PRODUCT_BUNDLE_IDENTIFIER = com.mozihen.DataStructureUnitTest;
				PRODUCT_NAME = "$(TARGET_NAME)";
				PROVISIONING_PROFILE_SPECIFIER = "";
				SWIFT_OBJC_BRIDGING_HEADER = "DataStructureUnitTest/DataStructureUnitTest-Bridging-Header.h";
				SWIFT_VERSION = 5.0;
			};
			name = Release;
		};
/* End XCBuildConfiguration section */

/* Begin XCConfigurationList section */
		1A85B0BB06F0AF00A5427884 /* Build configuration list for PBXProject "DataStructure" */ = {
			isa = XCConfigurationList;
			buildConfigurations = (
				1A85B0AEF606A8C6D98E6258 /* Debug */,
				1A85BA12226878D051DFC1BA /* Release */,
			);
			defaultConfigurationIsVisible = 0;
			defaultConfigurationName = Release;
		};
		1A85B6F47F7FF7443312EDA6 /* Build configuration list for PBXNativeTarget "DataStructure" */ = {
			isa = XCConfigurationList;
			buildConfigurations = (
				1A85B666A96CAEF41DF1BA2E /* Debug */,
				1A85B5975D3D7100E8E5E9DD /* Release */,
			);
			defaultConfigurationIsVisible = 0;
			defaultConfigurationName = Release;
		};
		3847EA1F24D95B47008CD872 /* Build configuration list for PBXNativeTarget "DataStructureUnitTest" */ = {
			isa = XCConfigurationList;
			buildConfigurations = (
				3847EA2024D95B47008CD872 /* Debug */,
				3847EA2124D95B47008CD872 /* Release */,
			);
			defaultConfigurationIsVisible = 0;
			defaultConfigurationName = Release;
		};
/* End XCConfigurationList section */
	};
	rootObject = 1A85BCDE60532B7F0010164D /* Project object */;
}
